github.com/DoomHammer/hugo-serif-theme v0.0.0-20231126054038-144534f8b084 h1:TcQcLXVVj/cFIfXsj7ww486nH/ExxA6WBOlcGshIK3o=
github.com/DoomHammer/hugo-serif-theme v0.0.0-20231126054038-144534f8b084/go.mod h1:77DZujykkuhONAs/d4KTLMFRg/GDlDC1IGYWtUW744M=
github.com/DoomHammer/hugo-serif-theme v0.0.0-20240708175605-0f1d1f16952c h1:yWxCcW3+DCtRYmoMQvXUJnF/vTnzqYlZwg2qR1uZGvY=
github.com/DoomHammer/hugo-serif-theme v0.0.0-20240708175605-0f1d1f16952c/go.mod h1:77DZujykkuhONAs/d4KTLMFRg/GDlDC1IGYWtUW744M=
github.com/mfg92/hugo-shortcode-gallery v1.1.1 h1:SQfyXMG3LaJ7aRVa/Lta8UP61VG6SESh19qe6XZsi+k=
github.com/mfg92/hugo-shortcode-gallery v1.1.1/go.mod h1:zKnMCx7OJJPTfVNalUAFGkNVABLCqIuPl57NeBtSFc0=
github.com/zerostaticthemes/hugo-serif-theme v1.1.2-0.20231126054038-144534f8b084 h1:dnEGqoD2VyIwU6G/rVPJaIvrpSYT/SABYnIdDQ53b8w=
github.com/zerostaticthemes/hugo-serif-theme v1.1.2-0.20231126054038-144534f8b084/go.mod h1:dT/Drfcf/NQrYTXak8BZ0hkpgOWzek94FUdGLcDORAk=
